// !$*UTF8*$!
{
	archiveVersion = 1;
	classes = {
	};
	objectVersion = 56;
	objects = {

/* Begin PBXBuildFile section */
		A5FCEF3C2BA9D6BB00620035 /* UserProfileProjectApp.swift in Sources */ = {isa = PBXBuildFile; fileRef = A5FCEF3B2BA9D6BB00620035 /* UserProfileProjectApp.swift */; };
		A5FCEF3E2BA9D6BB00620035 /* ContentView.swift in Sources */ = {isa = PBXBuildFile; fileRef = A5FCEF3D2BA9D6BB00620035 /* ContentView.swift */; };
		A5FCEF402BA9D6BC00620035 /* Assets.xcassets in Resources */ = {isa = PBXBuildFile; fileRef = A5FCEF3F2BA9D6BC00620035 /* Assets.xcassets */; };
		A5FCEF432BA9D6BC00620035 /* Preview Assets.xcassets in Resources */ = {isa = PBXBuildFile; fileRef = A5FCEF422BA9D6BC00620035 /* Preview Assets.xcassets */; };
		A5FCEF4C2BA9D7DD00620035 /* UserProfile.swift in Sources */ = {isa = PBXBuildFile; fileRef = A5FCEF4B2BA9D7DC00620035 /* UserProfile.swift */; };
		A5FCEF4F2BA9D81F00620035 /* ProfileView.swift in Sources */ = {isa = PBXBuildFile; fileRef = A5FCEF4E2BA9D81F00620035 /* ProfileView.swift */; };
		A5FCEF522BA9D85F00620035 /* ImagePicker.swift in Sources */ = {isa = PBXBuildFile; fileRef = A5FCEF512BA9D85F00620035 /* ImagePicker.swift */; };
		A5FCEF572BA9DB0D00620035 /* UserProfile+UserDefaults.swift in Sources */ = {isa = PBXBuildFile; fileRef = A5FCEF562BA9DB0D00620035 /* UserProfile+UserDefaults.swift */; };
		A5FCEF592BA9DB6500620035 /* ViewExtensions.swift in Sources */ = {isa = PBXBuildFile; fileRef = A5FCEF582BA9DB6500620035 /* ViewExtensions.swift */; };
/* End PBXBuildFile section */

/* Begin PBXFileReference section */
		A5FCEF382BA9D6BB00620035 /* UserProfileProject.app */ = {isa = PBXFileReference; explicitFileType = wrapper.application; includeInIndex = 0; path = UserProfileProject.app; sourceTree = BUILT_PRODUCTS_DIR; };
		A5FCEF3B2BA9D6BB00620035 /* UserProfileProjectApp.swift */ = {isa = PBXFileReference; lastKnownFileType = sourcecode.swift; path = UserProfileProjectApp.swift; sourceTree = "<group>"; };
		A5FCEF3D2BA9D6BB00620035 /* ContentView.swift */ = {isa = PBXFileReference; lastKnownFileType = sourcecode.swift; path = ContentView.swift; sourceTree = "<group>"; };
		A5FCEF3F2BA9D6BC00620035 /* Assets.xcassets */ = {isa = PBXFileReference; lastKnownFileType = folder.assetcatalog; path = Assets.xcassets; sourceTree = "<group>"; };
		A5FCEF422BA9D6BC00620035 /* Preview Assets.xcassets */ = {isa = PBXFileReference; lastKnownFileType = folder.assetcatalog; path = "Preview Assets.xcassets"; sourceTree = "<group>"; };
		A5FCEF4B2BA9D7DC00620035 /* UserProfile.swift */ = {isa = PBXFileReference; lastKnownFileType = sourcecode.swift; path = UserProfile.swift; sourceTree = "<group>"; };
		A5FCEF4E2BA9D81F00620035 /* ProfileView.swift */ = {isa = PBXFileReference; lastKnownFileType = sourcecode.swift; path = ProfileView.swift; sourceTree = "<group>"; };
		A5FCEF512BA9D85F00620035 /* ImagePicker.swift */ = {isa = PBXFileReference; lastKnownFileType = sourcecode.swift; path = ImagePicker.swift; sourceTree = "<group>"; };
		A5FCEF562BA9DB0D00620035 /* UserProfile+UserDefaults.swift */ = {isa = PBXFileReference; lastKnownFileType = sourcecode.swift; path = "UserProfile+UserDefaults.swift"; sourceTree = "<group>"; };
		A5FCEF582BA9DB6500620035 /* ViewExtensions.swift */ = {isa = PBXFileReference; lastKnownFileType = sourcecode.swift; path = ViewExtensions.swift; sourceTree = "<group>"; };
/* End PBXFileReference section */

/* Begin PBXFrameworksBuildPhase section */
		A5FCEF352BA9D6BB00620035 /* Frameworks */ = {
			isa = PBXFrameworksBuildPhase;
			buildActionMask = 2147483647;
			files = (
			);
			runOnlyForDeploymentPostprocessing = 0;
		};
/* End PBXFrameworksBuildPhase section */

/* Begin PBXGroup section */
		A5FCEF2F2BA9D6BB00620035 = {
			isa = PBXGroup;
			children = (
				A5FCEF3A2BA9D6BB00620035 /* UserProfileProject */,
				A5FCEF392BA9D6BB00620035 /* Products */,
			);
			sourceTree = "<group>";
		};
		A5FCEF392BA9D6BB00620035 /* Products */ = {
			isa = PBXGroup;
			children = (
				A5FCEF382BA9D6BB00620035 /* UserProfileProject.app */,
			);
			name = Products;
			sourceTree = "<group>";
		};
		A5FCEF3A2BA9D6BB00620035 /* UserProfileProject */ = {
			isa = PBXGroup;
			children = (
				A5FCEF552BA9DAED00620035 /* Extensions */,
				A5FCEF502BA9D84D00620035 /* Infrastructure */,
				A5FCEF4D2BA9D81000620035 /* View */,
				A5FCEF4A2BA9D7CA00620035 /* Models */,
				A5FCEF3B2BA9D6BB00620035 /* UserProfileProjectApp.swift */,
				A5FCEF3D2BA9D6BB00620035 /* ContentView.swift */,
				A5FCEF3F2BA9D6BC00620035 /* Assets.xcassets */,
				A5FCEF412BA9D6BC00620035 /* Preview Content */,
			);
			path = UserProfileProject;
			sourceTree = "<group>";
		};
		A5FCEF412BA9D6BC00620035 /* Preview Content */ = {
			isa = PBXGroup;
			children = (
				A5FCEF422BA9D6BC00620035 /* Preview Assets.xcassets */,
			);
			path = "Preview Content";
			sourceTree = "<group>";
		};
		A5FCEF4A2BA9D7CA00620035 /* Models */ = {
			isa = PBXGroup;
			children = (
				A5FCEF4B2BA9D7DC00620035 /* UserProfile.swift */,
			);
			path = Models;
			sourceTree = "<group>";
		};
		A5FCEF4D2BA9D81000620035 /* View */ = {
			isa = PBXGroup;
			children = (
				A5FCEF4E2BA9D81F00620035 /* ProfileView.swift */,
			);
			path = View;
			sourceTree = "<group>";
		};
		A5FCEF502BA9D84D00620035 /* Infrastructure */ = {
			isa = PBXGroup;
			children = (
				A5FCEF512BA9D85F00620035 /* ImagePicker.swift */,
			);
			path = Infrastructure;
			sourceTree = "<group>";
		};
		A5FCEF552BA9DAED00620035 /* Extensions */ = {
			isa = PBXGroup;
			children = (
				A5FCEF562BA9DB0D00620035 /* UserProfile+UserDefaults.swift */,
				A5FCEF582BA9DB6500620035 /* ViewExtensions.swift */,
			);
			path = Extensions;
			sourceTree = "<group>";
		};
/* End PBXGroup section */

/* Begin PBXNativeTarget section */
		A5FCEF372BA9D6BB00620035 /* UserProfileProject */ = {
			isa = PBXNativeTarget;
			buildConfigurationList = A5FCEF462BA9D6BC00620035 /* Build configuration list for PBXNativeTarget "UserProfileProject" */;
			buildPhases = (
				A5FCEF342BA9D6BB00620035 /* Sources */,
				A5FCEF352BA9D6BB00620035 /* Frameworks */,
				A5FCEF362BA9D6BB00620035 /* Resources */,
			);
			buildRules = (
			);
			dependencies = (
			);
			name = UserProfileProject;
			productName = UserProfileProject;
			productReference = A5FCEF382BA9D6BB00620035 /* UserProfileProject.app */;
			productType = "com.apple.product-type.application";
		};
/* End PBXNativeTarget section */

/* Begin PBXProject section */
		A5FCEF302BA9D6BB00620035 /* Project object */ = {
			isa = PBXProject;
			attributes = {
				BuildIndependentTargetsInParallel = 1;
				LastSwiftUpdateCheck = 1530;
				LastUpgradeCheck = 1530;
				TargetAttributes = {
					A5FCEF372BA9D6BB00620035 = {
						CreatedOnToolsVersion = 15.3;
					};
				};
			};
			buildConfigurationList = A5FCEF332BA9D6BB00620035 /* Build configuration list for PBXProject "UserProfileProject" */;
			compatibilityVersion = "Xcode 14.0";
			developmentRegion = en;
			hasScannedForEncodings = 0;
			knownRegions = (
				en,
				Base,
			);
			mainGroup = A5FCEF2F2BA9D6BB00620035;
			productRefGroup = A5FCEF392BA9D6BB00620035 /* Products */;
			projectDirPath = "";
			projectRoot = "";
			targets = (
				A5FCEF372BA9D6BB00620035 /* UserProfileProject */,
			);
		};
/* End PBXProject section */

/* Begin PBXResourcesBuildPhase section */
		A5FCEF362BA9D6BB00620035 /* Resources */ = {
			isa = PBXResourcesBuildPhase;
			buildActionMask = 2147483647;
			files = (
				A5FCEF432BA9D6BC00620035 /* Preview Assets.xcassets in Resources */,
				A5FCEF402BA9D6BC00620035 /* Assets.xcassets in Resources */,
			);
			runOnlyForDeploymentPostprocessing = 0;
		};
/* End PBXResourcesBuildPhase section */

/* Begin PBXSourcesBuildPhase section */
		A5FCEF342BA9D6BB00620035 /* Sources */ = {
			isa = PBXSourcesBuildPhase;
			buildActionMask = 2147483647;
			files = (
				A5FCEF4F2BA9D81F00620035 /* ProfileView.swift in Sources */,
				A5FCEF592BA9DB6500620035 /* ViewExtensions.swift in Sources */,
				A5FCEF3E2BA9D6BB00620035 /* ContentView.swift in Sources */,
				A5FCEF522BA9D85F00620035 /* ImagePicker.swift in Sources */,
				A5FCEF572BA9DB0D00620035 /* UserProfile+UserDefaults.swift in Sources */,
				A5FCEF3C2BA9D6BB00620035 /* UserProfileProjectApp.swift in Sources */,
				A5FCEF4C2BA9D7DD00620035 /* UserProfile.swift in Sources */,
			);
			runOnlyForDeploymentPostprocessing = 0;
		};
/* End PBXSourcesBuildPhase section */

/* Begin XCBuildConfiguration section */
		A5FCEF442BA9D6BC00620035 /* Debug */ = {
			isa = XCBuildConfiguration;
			buildSettings = {
				ALWAYS_SEARCH_USER_PATHS = NO;
				ASSETCATALOG_COMPILER_GENERATE_SWIFT_ASSET_SYMBOL_EXTENSIONS = YES;
				CLANG_ANALYZER_NONNULL = YES;
				CLANG_ANALYZER_NUMBER_OBJECT_CONVERSION = YES_AGGRESSIVE;
				CLANG_CXX_LANGUAGE_STANDARD = "gnu++20";
				CLANG_ENABLE_MODULES = YES;
				CLANG_ENABLE_OBJC_ARC = YES;
				CLANG_ENABLE_OBJC_WEAK = YES;
				CLANG_WARN_BLOCK_CAPTURE_AUTORELEASING = YES;
				CLANG_WARN_BOOL_CONVERSION = YES;
				CLANG_WARN_COMMA = YES;
				CLANG_WARN_CONSTANT_CONVERSION = YES;
				CLANG_WARN_DEPRECATED_OBJC_IMPLEMENTATIONS = YES;
				CLANG_WARN_DIRECT_OBJC_ISA_USAGE = YES_ERROR;
				CLANG_WARN_DOCUMENTATION_COMMENTS = YES;
				CLANG_WARN_EMPTY_BODY = YES;
				CLANG_WARN_ENUM_CONVERSION = YES;
				CLANG_WARN_INFINITE_RECURSION = YES;
				CLANG_WARN_INT_CONVERSION = YES;
				CLANG_WARN_NON_LITERAL_NULL_CONVERSION = YES;
				CLANG_WARN_OBJC_IMPLICIT_RETAIN_SELF = YES;
				CLANG_WARN_OBJC_LITERAL_CONVERSION = YES;
				CLANG_WARN_OBJC_ROOT_CLASS = YES_ERROR;
				CLANG_WARN_QUOTED_INCLUDE_IN_FRAMEWORK_HEADER = YES;
				CLANG_WARN_RANGE_LOOP_ANALYSIS = YES;
				CLANG_WARN_STRICT_PROTOTYPES = YES;
				CLANG_WARN_SUSPICIOUS_MOVE = YES;
				CLANG_WARN_UNGUARDED_AVAILABILITY = YES_AGGRESSIVE;
				CLANG_WARN_UNREACHABLE_CODE = YES;
				CLANG_WARN__DUPLICATE_METHOD_MATCH = YES;
				COPY_PHASE_STRIP = NO;
				DEBUG_INFORMATION_FORMAT = dwarf;
				ENABLE_STRICT_OBJC_MSGSEND = YES;
				ENABLE_TESTABILITY = YES;
				ENABLE_USER_SCRIPT_SANDBOXING = YES;
				GCC_C_LANGUAGE_STANDARD = gnu17;
				GCC_DYNAMIC_NO_PIC = NO;
				GCC_NO_COMMON_BLOCKS = YES;
				GCC_OPTIMIZATION_LEVEL = 0;
				GCC_PREPROCESSOR_DEFINITIONS = (
					"DEBUG=1",
					"$(inherited)",
				);
				GCC_WARN_64_TO_32_BIT_CONVERSION = YES;
				GCC_WARN_ABOUT_RETURN_TYPE = YES_ERROR;
				GCC_WARN_UNDECLARED_SELECTOR = YES;
				GCC_WARN_UNINITIALIZED_AUTOS = YES_AGGRESSIVE;
				GCC_WARN_UNUSED_FUNCTION = YES;
				GCC_WARN_UNUSED_VARIABLE = YES;
				IPHONEOS_DEPLOYMENT_TARGET = 17.4;
				LOCALIZATION_PREFERS_STRING_CATALOGS = YES;
				MTL_ENABLE_DEBUG_INFO = INCLUDE_SOURCE;
				MTL_FAST_MATH = YES;
				ONLY_ACTIVE_ARCH = YES;
				SDKROOT = iphoneos;
				SWIFT_ACTIVE_COMPILATION_CONDITIONS = "DEBUG $(inherited)";
				SWIFT_OPTIMIZATION_LEVEL = "-Onone";
			};
			name = Debug;
		};
		A5FCEF452BA9D6BC00620035 /* Release */ = {
			isa = XCBuildConfiguration;
			buildSettings = {
				ALWAYS_SEARCH_USER_PATHS = NO;
				ASSETCATALOG_COMPILER_GENERATE_SWIFT_ASSET_SYMBOL_EXTENSIONS = YES;
				CLANG_ANALYZER_NONNULL = YES;
				CLANG_ANALYZER_NUMBER_OBJECT_CONVERSION = YES_AGGRESSIVE;
				CLANG_CXX_LANGUAGE_STANDARD = "gnu++20";
				CLANG_ENABLE_MODULES = YES;
				CLANG_ENABLE_OBJC_ARC = YES;
				CLANG_ENABLE_OBJC_WEAK = YES;
				CLANG_WARN_BLOCK_CAPTURE_AUTORELEASING = YES;
				CLANG_WARN_BOOL_CONVERSION = YES;
				CLANG_WARN_COMMA = YES;
				CLANG_WARN_CONSTANT_CONVERSION = YES;
				CLANG_WARN_DEPRECATED_OBJC_IMPLEMENTATIONS = YES;
				CLANG_WARN_DIRECT_OBJC_ISA_USAGE = YES_ERROR;
				CLANG_WARN_DOCUMENTATION_COMMENTS = YES;
				CLANG_WARN_EMPTY_BODY = YES;
				CLANG_WARN_ENUM_CONVERSION = YES;
				CLANG_WARN_INFINITE_RECURSION = YES;
				CLANG_WARN_INT_CONVERSION = YES;
				CLANG_WARN_NON_LITERAL_NULL_CONVERSION = YES;
				CLANG_WARN_OBJC_IMPLICIT_RETAIN_SELF = YES;
				CLANG_WARN_OBJC_LITERAL_CONVERSION = YES;
				CLANG_WARN_OBJC_ROOT_CLASS = YES_ERROR;
				CLANG_WARN_QUOTED_INCLUDE_IN_FRAMEWORK_HEADER = YES;
				CLANG_WARN_RANGE_LOOP_ANALYSIS = YES;
				CLANG_WARN_STRICT_PROTOTYPES = YES;
				CLANG_WARN_SUSPICIOUS_MOVE = YES;
				CLANG_WARN_UNGUARDED_AVAILABILITY = YES_AGGRESSIVE;
				CLANG_WARN_UNREACHABLE_CODE = YES;
				CLANG_WARN__DUPLICATE_METHOD_MATCH = YES;
				COPY_PHASE_STRIP = NO;
				DEBUG_INFORMATION_FORMAT = "dwarf-with-dsym";
				ENABLE_NS_ASSERTIONS = NO;
				ENABLE_STRICT_OBJC_MSGSEND = YES;
				ENABLE_USER_SCRIPT_SANDBOXING = YES;
				GCC_C_LANGUAGE_STANDARD = gnu17;
				GCC_NO_COMMON_BLOCKS = YES;
				GCC_WARN_64_TO_32_BIT_CONVERSION = YES;
				GCC_WARN_ABOUT_RETURN_TYPE = YES_ERROR;
				GCC_WARN_UNDECLARED_SELECTOR = YES;
				GCC_WARN_UNINITIALIZED_AUTOS = YES_AGGRESSIVE;
				GCC_WARN_UNUSED_FUNCTION = YES;
				GCC_WARN_UNUSED_VARIABLE = YES;
				IPHONEOS_DEPLOYMENT_TARGET = 17.4;
				LOCALIZATION_PREFERS_STRING_CATALOGS = YES;
				MTL_ENABLE_DEBUG_INFO = NO;
				MTL_FAST_MATH = YES;
				SDKROOT = iphoneos;
				SWIFT_COMPILATION_MODE = wholemodule;
				VALIDATE_PRODUCT = YES;
			};
			name = Release;
		};
		A5FCEF472BA9D6BC00620035 /* Debug */ = {
			isa = XCBuildConfiguration;
			buildSettings = {
				ASSETCATALOG_COMPILER_APPICON_NAME = AppIcon;
				ASSETCATALOG_COMPILER_GLOBAL_ACCENT_COLOR_NAME = AccentColor;
				CODE_SIGN_STYLE = Automatic;
				CURRENT_PROJECT_VERSION = 1;
				DEVELOPMENT_ASSET_PATHS = "\"UserProfileProject/Preview Content\"";
				DEVELOPMENT_TEAM = H356ZRQJW7;
				ENABLE_PREVIEWS = YES;
				GENERATE_INFOPLIST_FILE = YES;
				INFOPLIST_KEY_NSCameraUsageDescription = "Приложению требуется доступ к вашей камере.";
				INFOPLIST_KEY_NSPhotoLibraryUsageDescription = "Приложению требуется доступ к вашим фотографиям.";
				INFOPLIST_KEY_UIApplicationSceneManifest_Generation = YES;
				INFOPLIST_KEY_UIApplicationSupportsIndirectInputEvents = YES;
				INFOPLIST_KEY_UILaunchScreen_Generation = YES;
				INFOPLIST_KEY_UISupportedInterfaceOrientations_iPad = "UIInterfaceOrientationPortrait UIInterfaceOrientationPortraitUpsideDown UIInterfaceOrientationLandscapeLeft UIInterfaceOrientationLandscapeRight";
				INFOPLIST_KEY_UISupportedInterfaceOrientations_iPhone = "UIInterfaceOrientationPortrait UIInterfaceOrientationLandscapeLeft UIInterfaceOrientationLandscapeRight";
				LD_RUNPATH_SEARCH_PATHS = (
					"$(inherited)",
					"@executable_path/Frameworks",
				);
				MARKETING_VERSION = 1.0;
				PRODUCT_BUNDLE_IDENTIFIER = kisliy.UserProfileProject;
				PRODUCT_NAME = "$(TARGET_NAME)";
				SWIFT_EMIT_LOC_STRINGS = YES;
				SWIFT_VERSION = 5.0;
				TARGETED_DEVICE_FAMILY = "1,2";
			};
			name = Debug;
		};
		A5FCEF482BA9D6BC00620035 /* Release */ = {
			isa = XCBuildConfiguration;
			buildSettings = {
				ASSETCATALOG_COMPILER_APPICON_NAME = AppIcon;
				ASSETCATALOG_COMPILER_GLOBAL_ACCENT_COLOR_NAME = AccentColor;
				CODE_SIGN_STYLE = Automatic;
				CURRENT_PROJECT_VERSION = 1;
				DEVELOPMENT_ASSET_PATHS = "\"UserProfileProject/Preview Content\"";
				DEVELOPMENT_TEAM = H356ZRQJW7;
				ENABLE_PREVIEWS = YES;
				GENERATE_INFOPLIST_FILE = YES;
				INFOPLIST_KEY_NSCameraUsageDescription = "Приложению требуется доступ к вашей камере.";
				INFOPLIST_KEY_NSPhotoLibraryUsageDescription = "Приложению требуется доступ к вашим фотографиям.";
				INFOPLIST_KEY_UIApplicationSceneManifest_Generation = YES;
				INFOPLIST_KEY_UIApplicationSupportsIndirectInputEvents = YES;
				INFOPLIST_KEY_UILaunchScreen_Generation = YES;
				INFOPLIST_KEY_UISupportedInterfaceOrientations_iPad = "UIInterfaceOrientationPortrait UIInterfaceOrientationPortraitUpsideDown UIInterfaceOrientationLandscapeLeft UIInterfaceOrientationLandscapeRight";
				INFOPLIST_KEY_UISupportedInterfaceOrientations_iPhone = "UIInterfaceOrientationPortrait UIInterfaceOrientationLandscapeLeft UIInterfaceOrientationLandscapeRight";
				LD_RUNPATH_SEARCH_PATHS = (
					"$(inherited)",
					"@executable_path/Frameworks",
				);
				MARKETING_VERSION = 1.0;
				PRODUCT_BUNDLE_IDENTIFIER = kisliy.UserProfileProject;
				PRODUCT_NAME = "$(TARGET_NAME)";
				SWIFT_EMIT_LOC_STRINGS = YES;
				SWIFT_VERSION = 5.0;
				TARGETED_DEVICE_FAMILY = "1,2";
			};
			name = Release;
		};
/* End XCBuildConfiguration section */

/* Begin XCConfigurationList section */
		A5FCEF332BA9D6BB00620035 /* Build configuration list for PBXProject "UserProfileProject" */ = {
			isa = XCConfigurationList;
			buildConfigurations = (
				A5FCEF442BA9D6BC00620035 /* Debug */,
				A5FCEF452BA9D6BC00620035 /* Release */,
			);
			defaultConfigurationIsVisible = 0;
			defaultConfigurationName = Release;
		};
		A5FCEF462BA9D6BC00620035 /* Build configuration list for PBXNativeTarget "UserProfileProject" */ = {
			isa = XCConfigurationList;
			buildConfigurations = (
				A5FCEF472BA9D6BC00620035 /* Debug */,
				A5FCEF482BA9D6BC00620035 /* Release */,
			);
			defaultConfigurationIsVisible = 0;
			defaultConfigurationName = Release;
		};
/* End XCConfigurationList section */
	};
	rootObject = A5FCEF302BA9D6BB00620035 /* Project object */;
}
